
Microsoft Visual Studio Solution File, Format Version 12.00
# Visual Studio Version 16
VisualStudioVersion = 16.0.29613.14
MinimumVisualStudioVersion = 10.0.40219.1
Project("{FAE04EC0-301F-11D3-BF4B-00C04F79EFBC}") = "InstaAlbum", "InstaAlbum\InstaAlbum.csproj", "{D5871B5A-B4FB-4FAD-8E49-40C95FC1134B}"
EndProject
Global
	GlobalSection(SolutionConfigurationPlatforms) = preSolution
		Debug|Any CPU = Debug|Any CPU
		Release|Any CPU = Release|Any CPU
	EndGlobalSection
	GlobalSection(ProjectConfigurationPlatforms) = postSolution
		{D5871B5A-B4FB-4FAD-8E49-40C95FC1134B}.Debug|Any CPU.ActiveCfg = Debug|Any CPU
		{D5871B5A-B4FB-4FAD-8E49-40C95FC1134B}.Debug|Any CPU.Build.0 = Debug|Any CPU
		{D5871B5A-B4FB-4FAD-8E49-40C95FC1134B}.Release|Any CPU.ActiveCfg = Release|Any CPU
		{D5871B5A-B4FB-4FAD-8E49-40C95FC1134B}.Release|Any CPU.Build.0 = Release|Any CPU
	EndGlobalSection
	GlobalSection(SolutionProperties) = preSolution
		HideSolutionNode = FALSE
	EndGlobalSection
	GlobalSection(ExtensibilityGlobals) = postSolution
		SolutionGuid = {0E8EEB7F-6C33-4C59-891A-0D87C4C6A7D3}
	EndGlobalSection
EndGlobal
